
Microsoft Visual Studio Solution File, Format Version 12.00
# Visual Studio Version 16
VisualStudioVersion = 16.0.30907.101
MinimumVisualStudioVersion = 10.0.40219.1
Project("{FAE04EC0-301F-11D3-BF4B-00C04F79EFBC}") = "MakeItFaster", "MakeItFaster.csproj", "{A20CE94B-736C-4A48-A3E6-939553FC9157}"
EndProject
Global
	GlobalSection(SolutionConfigurationPlatforms) = preSolution
		Debug|Any CPU = Debug|Any CPU
		Release|Any CPU = Release|Any CPU
	EndGlobalSection
	GlobalSection(ProjectConfigurationPlatforms) = postSolution
		{A20CE94B-736C-4A48-A3E6-939553FC9157}.Debug|Any CPU.ActiveCfg = Debug|Any CPU
		{A20CE94B-736C-4A48-A3E6-939553FC9157}.Debug|Any CPU.Build.0 = Debug|Any CPU
		{A20CE94B-736C-4A48-A3E6-939553FC9157}.Release|Any CPU.ActiveCfg = Release|Any CPU
		{A20CE94B-736C-4A48-A3E6-939553FC9157}.Release|Any CPU.Build.0 = Release|Any CPU
	EndGlobalSection
	GlobalSection(SolutionProperties) = preSolution
		HideSolutionNode = FALSE
	EndGlobalSection
	GlobalSection(ExtensibilityGlobals) = postSolution
		SolutionGuid = {D4F26372-0F49-4A97-B896-A26472596F2B}
	EndGlobalSection
EndGlobal
